
Microsoft Visual Studio Solution File, Format Version 12.00
# Visual Studio 15
VisualStudioVersion = 15.0.27004.2010
MinimumVisualStudioVersion = 10.0.40219.1
Project("{2150E333-8FDC-42A3-9474-1A3956D46DE8}") = "Solution Items", "Solution Items", "{79D83D95-E87F-48DC-A653-1998BA9602E2}"
	ProjectSection(SolutionItems) = preProject
		.gitignore = .gitignore
		OmniCode-Settings.json = OmniCode-Settings.json
		README.md = README.md
		SciterSharp\SciterSharpOSX.nuspec = SciterSharp\SciterSharpOSX.nuspec
	EndProjectSection
EndProject
Project("{FAE04EC0-301F-11D3-BF4B-00C04F79EFBC}") = "UnitTests", "UnitTests\UnitTests.csproj", "{2ED64300-CB6A-4CB3-B687-D2795395FC44}"
EndProject
Project("{FAE04EC0-301F-11D3-BF4B-00C04F79EFBC}") = "SciterSharpOSX", "SciterSharp\SciterSharpOSX.csproj", "{42BB6EC1-E806-4B5B-A242-1662AAE7BF25}"
EndProject
Project("{2150E333-8FDC-42A3-9474-1A3956D46DE8}") = "TestsUI", "TestsUI", "{2ABBA2EF-6FEE-4F81-BF64-A1AB02BEE2C5}"
EndProject
Project("{FAE04EC0-301F-11D3-BF4B-00C04F79EFBC}") = "TestCore", "Tests\TestCore\TestCore.csproj", "{EA51B66E-0862-4D79-8FB9-4BB1ED2CFB59}"
EndProject
Project("{FAE04EC0-301F-11D3-BF4B-00C04F79EFBC}") = "TestOSX", "Tests\TestOSX\TestOSX.csproj", "{764A2B71-F267-4C2E-A4CD-33E050659BD6}"
EndProject
Project("{FAE04EC0-301F-11D3-BF4B-00C04F79EFBC}") = "PublishNuget", "PublishNuget\PublishNuget.csproj", "{32DEDB6C-01A9-4DBF-A5E3-05F63DC8DFF1}"
EndProject
Project("{9344BDBB-3E7F-41FC-A0DD-8665D75EE146}") = "TestWinForms", "Tests\TestWinForms\TestWinForms.csproj", "{21ED7FCC-9B45-4965-9C69-44208E5A34B7}"
EndProject
Project("{9344BDBB-3E7F-41FC-A0DD-8665D75EE146}") = "TestIdioms", "Tests\TestIdioms\TestIdioms.csproj", "{B80BD667-D20B-4599-809A-CAB99056E710}"
EndProject
Project("{9344BDBB-3E7F-41FC-A0DD-8665D75EE146}") = "TestGraphics", "Tests\TestGraphics\TestGraphics.csproj", "{5C66D6DA-CA1D-42C0-A295-237D3749DF69}"
EndProject
Project("{9344BDBB-3E7F-41FC-A0DD-8665D75EE146}") = "TestGTKGTK", "Tests\TestGTK\TestGTKGTK.csproj", "{7D966E6A-9340-4AA6-B335-4D559AFE39B7}"
EndProject
Project("{9344BDBB-3E7F-41FC-A0DD-8665D75EE146}") = "SciterSharpGTK", "SciterSharp\SciterSharpGTK.csproj", "{9AF7848A-B483-45F2-BAF4-69A07FE97CEB}"
EndProject
Project("{9344BDBB-3E7F-41FC-A0DD-8665D75EE146}") = "SciterSharpWindows", "SciterSharp\SciterSharpWindows.csproj", "{E67101A2-5E6E-455E-8AFA-2EA94A4003FA}"
EndProject
Global
	GlobalSection(SolutionConfigurationPlatforms) = preSolution
		Debug|Any CPU = Debug|Any CPU
		Debug|x64 = Debug|x64
		Debug|x86 = Debug|x86
		Release|Any CPU = Release|Any CPU
		Release|x64 = Release|x64
		Release|x86 = Release|x86
	EndGlobalSection
	GlobalSection(ProjectConfigurationPlatforms) = postSolution
		{2ED64300-CB6A-4CB3-B687-D2795395FC44}.Debug|Any CPU.ActiveCfg = Debug|Any CPU
		{2ED64300-CB6A-4CB3-B687-D2795395FC44}.Debug|Any CPU.Build.0 = Debug|Any CPU
		{2ED64300-CB6A-4CB3-B687-D2795395FC44}.Debug|x64.ActiveCfg = Debug|Any CPU
		{2ED64300-CB6A-4CB3-B687-D2795395FC44}.Debug|x64.Build.0 = Debug|Any CPU
		{2ED64300-CB6A-4CB3-B687-D2795395FC44}.Debug|x86.ActiveCfg = Debug|Any CPU
		{2ED64300-CB6A-4CB3-B687-D2795395FC44}.Debug|x86.Build.0 = Debug|Any CPU
		{2ED64300-CB6A-4CB3-B687-D2795395FC44}.Release|Any CPU.ActiveCfg = Release|Any CPU
		{2ED64300-CB6A-4CB3-B687-D2795395FC44}.Release|Any CPU.Build.0 = Release|Any CPU
		{2ED64300-CB6A-4CB3-B687-D2795395FC44}.Release|x64.ActiveCfg = Release|Any CPU
		{2ED64300-CB6A-4CB3-B687-D2795395FC44}.Release|x64.Build.0 = Release|Any CPU
		{2ED64300-CB6A-4CB3-B687-D2795395FC44}.Release|x86.ActiveCfg = Release|Any CPU
		{2ED64300-CB6A-4CB3-B687-D2795395FC44}.Release|x86.Build.0 = Release|Any CPU
		{42BB6EC1-E806-4B5B-A242-1662AAE7BF25}.Debug|Any CPU.ActiveCfg = Debug|Any CPU
		{42BB6EC1-E806-4B5B-A242-1662AAE7BF25}.Debug|Any CPU.Build.0 = Debug|Any CPU
		{42BB6EC1-E806-4B5B-A242-1662AAE7BF25}.Debug|x64.ActiveCfg = Debug|Any CPU
		{42BB6EC1-E806-4B5B-A242-1662AAE7BF25}.Debug|x64.Build.0 = Debug|Any CPU
		{42BB6EC1-E806-4B5B-A242-1662AAE7BF25}.Debug|x86.ActiveCfg = Debug|Any CPU
		{42BB6EC1-E806-4B5B-A242-1662AAE7BF25}.Release|Any CPU.ActiveCfg = Release|Any CPU
		{42BB6EC1-E806-4B5B-A242-1662AAE7BF25}.Release|Any CPU.Build.0 = Release|Any CPU
		{42BB6EC1-E806-4B5B-A242-1662AAE7BF25}.Release|x64.ActiveCfg = Release|Any CPU
		{42BB6EC1-E806-4B5B-A242-1662AAE7BF25}.Release|x64.Build.0 = Release|Any CPU
		{42BB6EC1-E806-4B5B-A242-1662AAE7BF25}.Release|x86.ActiveCfg = Release|Any CPU
		{EA51B66E-0862-4D79-8FB9-4BB1ED2CFB59}.Debug|Any CPU.ActiveCfg = Debug|Any CPU
		{EA51B66E-0862-4D79-8FB9-4BB1ED2CFB59}.Debug|Any CPU.Build.0 = Debug|Any CPU
		{EA51B66E-0862-4D79-8FB9-4BB1ED2CFB59}.Debug|x64.ActiveCfg = Debug|Any CPU
		{EA51B66E-0862-4D79-8FB9-4BB1ED2CFB59}.Debug|x86.ActiveCfg = Debug|Any CPU
		{EA51B66E-0862-4D79-8FB9-4BB1ED2CFB59}.Debug|x86.Build.0 = Debug|Any CPU
		{EA51B66E-0862-4D79-8FB9-4BB1ED2CFB59}.Release|Any CPU.ActiveCfg = Release|Any CPU
		{EA51B66E-0862-4D79-8FB9-4BB1ED2CFB59}.Release|Any CPU.Build.0 = Release|Any CPU
		{EA51B66E-0862-4D79-8FB9-4BB1ED2CFB59}.Release|x64.ActiveCfg = Release|Any CPU
		{EA51B66E-0862-4D79-8FB9-4BB1ED2CFB59}.Release|x86.ActiveCfg = Release|Any CPU
		{EA51B66E-0862-4D79-8FB9-4BB1ED2CFB59}.Release|x86.Build.0 = Release|Any CPU
		{764A2B71-F267-4C2E-A4CD-33E050659BD6}.Debug|Any CPU.ActiveCfg = Debug|Any CPU
		{764A2B71-F267-4C2E-A4CD-33E050659BD6}.Debug|Any CPU.Build.0 = Debug|Any CPU
		{764A2B71-F267-4C2E-A4CD-33E050659BD6}.Debug|x64.ActiveCfg = Debug|Any CPU
		{764A2B71-F267-4C2E-A4CD-33E050659BD6}.Debug|x86.ActiveCfg = Debug|Any CPU
		{764A2B71-F267-4C2E-A4CD-33E050659BD6}.Debug|x86.Build.0 = Debug|Any CPU
		{764A2B71-F267-4C2E-A4CD-33E050659BD6}.Release|Any CPU.ActiveCfg = Release|Any CPU
		{764A2B71-F267-4C2E-A4CD-33E050659BD6}.Release|Any CPU.Build.0 = Release|Any CPU
		{764A2B71-F267-4C2E-A4CD-33E050659BD6}.Release|x64.ActiveCfg = Release|Any CPU
		{764A2B71-F267-4C2E-A4CD-33E050659BD6}.Release|x86.ActiveCfg = Release|Any CPU
		{764A2B71-F267-4C2E-A4CD-33E050659BD6}.Release|x86.Build.0 = Release|Any CPU
		{32DEDB6C-01A9-4DBF-A5E3-05F63DC8DFF1}.Debug|Any CPU.ActiveCfg = Debug|Any CPU
		{32DEDB6C-01A9-4DBF-A5E3-05F63DC8DFF1}.Debug|Any CPU.Build.0 = Debug|Any CPU
		{32DEDB6C-01A9-4DBF-A5E3-05F63DC8DFF1}.Debug|x64.ActiveCfg = Debug|Any CPU
		{32DEDB6C-01A9-4DBF-A5E3-05F63DC8DFF1}.Debug|x64.Build.0 = Debug|Any CPU
		{32DEDB6C-01A9-4DBF-A5E3-05F63DC8DFF1}.Debug|x86.ActiveCfg = Debug|Any CPU
		{32DEDB6C-01A9-4DBF-A5E3-05F63DC8DFF1}.Debug|x86.Build.0 = Debug|Any CPU
		{32DEDB6C-01A9-4DBF-A5E3-05F63DC8DFF1}.Release|Any CPU.ActiveCfg = Release|Any CPU
		{32DEDB6C-01A9-4DBF-A5E3-05F63DC8DFF1}.Release|Any CPU.Build.0 = Release|Any CPU
		{32DEDB6C-01A9-4DBF-A5E3-05F63DC8DFF1}.Release|x64.ActiveCfg = Release|Any CPU
		{32DEDB6C-01A9-4DBF-A5E3-05F63DC8DFF1}.Release|x64.Build.0 = Release|Any CPU
		{32DEDB6C-01A9-4DBF-A5E3-05F63DC8DFF1}.Release|x86.ActiveCfg = Release|Any CPU
		{32DEDB6C-01A9-4DBF-A5E3-05F63DC8DFF1}.Release|x86.Build.0 = Release|Any CPU
		{21ED7FCC-9B45-4965-9C69-44208E5A34B7}.Debug|Any CPU.ActiveCfg = Debug|Any CPU
		{21ED7FCC-9B45-4965-9C69-44208E5A34B7}.Debug|Any CPU.Build.0 = Debug|Any CPU
		{21ED7FCC-9B45-4965-9C69-44208E5A34B7}.Debug|x64.ActiveCfg = Debug|Any CPU
		{21ED7FCC-9B45-4965-9C69-44208E5A34B7}.Debug|x86.ActiveCfg = Debug|Any CPU
		{21ED7FCC-9B45-4965-9C69-44208E5A34B7}.Debug|x86.Build.0 = Debug|Any CPU
		{21ED7FCC-9B45-4965-9C69-44208E5A34B7}.Release|Any CPU.ActiveCfg = Release|Any CPU
		{21ED7FCC-9B45-4965-9C69-44208E5A34B7}.Release|Any CPU.Build.0 = Release|Any CPU
		{21ED7FCC-9B45-4965-9C69-44208E5A34B7}.Release|x64.ActiveCfg = Release|Any CPU
		{21ED7FCC-9B45-4965-9C69-44208E5A34B7}.Release|x86.ActiveCfg = Release|Any CPU
		{21ED7FCC-9B45-4965-9C69-44208E5A34B7}.Release|x86.Build.0 = Release|Any CPU
		{B80BD667-D20B-4599-809A-CAB99056E710}.Debug|Any CPU.ActiveCfg = Debug|Any CPU
		{B80BD667-D20B-4599-809A-CAB99056E710}.Debug|Any CPU.Build.0 = Debug|Any CPU
		{B80BD667-D20B-4599-809A-CAB99056E710}.Debug|x64.ActiveCfg = Debug|Any CPU
		{B80BD667-D20B-4599-809A-CAB99056E710}.Debug|x86.ActiveCfg = Debug|Any CPU
		{B80BD667-D20B-4599-809A-CAB99056E710}.Debug|x86.Build.0 = Debug|Any CPU
		{B80BD667-D20B-4599-809A-CAB99056E710}.Release|Any CPU.ActiveCfg = Release|Any CPU
		{B80BD667-D20B-4599-809A-CAB99056E710}.Release|Any CPU.Build.0 = Release|Any CPU
		{B80BD667-D20B-4599-809A-CAB99056E710}.Release|x64.ActiveCfg = Release|Any CPU
		{B80BD667-D20B-4599-809A-CAB99056E710}.Release|x86.ActiveCfg = Release|Any CPU
		{B80BD667-D20B-4599-809A-CAB99056E710}.Release|x86.Build.0 = Release|Any CPU
		{5C66D6DA-CA1D-42C0-A295-237D3749DF69}.Debug|Any CPU.ActiveCfg = Debug|Any CPU
		{5C66D6DA-CA1D-42C0-A295-237D3749DF69}.Debug|Any CPU.Build.0 = Debug|Any CPU
		{5C66D6DA-CA1D-42C0-A295-237D3749DF69}.Debug|x64.ActiveCfg = Debug|Any CPU
		{5C66D6DA-CA1D-42C0-A295-237D3749DF69}.Debug|x86.ActiveCfg = Debug|x86
		{5C66D6DA-CA1D-42C0-A295-237D3749DF69}.Debug|x86.Build.0 = Debug|x86
		{5C66D6DA-CA1D-42C0-A295-237D3749DF69}.Release|Any CPU.ActiveCfg = Release|Any CPU
		{5C66D6DA-CA1D-42C0-A295-237D3749DF69}.Release|Any CPU.Build.0 = Release|Any CPU
		{5C66D6DA-CA1D-42C0-A295-237D3749DF69}.Release|x64.ActiveCfg = Release|Any CPU
		{5C66D6DA-CA1D-42C0-A295-237D3749DF69}.Release|x86.ActiveCfg = Release|x86
		{5C66D6DA-CA1D-42C0-A295-237D3749DF69}.Release|x86.Build.0 = Release|x86
		{7D966E6A-9340-4AA6-B335-4D559AFE39B7}.Debug|Any CPU.ActiveCfg = Debug|x64
		{7D966E6A-9340-4AA6-B335-4D559AFE39B7}.Debug|Any CPU.Build.0 = Debug|x64
		{7D966E6A-9340-4AA6-B335-4D559AFE39B7}.Debug|x64.ActiveCfg = Debug|x64
		{7D966E6A-9340-4AA6-B335-4D559AFE39B7}.Debug|x64.Build.0 = Debug|x64
		{7D966E6A-9340-4AA6-B335-4D559AFE39B7}.Debug|x86.ActiveCfg = Debug|x64
		{7D966E6A-9340-4AA6-B335-4D559AFE39B7}.Debug|x86.Build.0 = Debug|x64
		{7D966E6A-9340-4AA6-B335-4D559AFE39B7}.Release|Any CPU.ActiveCfg = Release|x64
		{7D966E6A-9340-4AA6-B335-4D559AFE39B7}.Release|Any CPU.Build.0 = Release|x64
		{7D966E6A-9340-4AA6-B335-4D559AFE39B7}.Release|x64.ActiveCfg = Release|x64
		{7D966E6A-9340-4AA6-B335-4D559AFE39B7}.Release|x64.Build.0 = Release|x64
		{7D966E6A-9340-4AA6-B335-4D559AFE39B7}.Release|x86.ActiveCfg = Release|x64
		{7D966E6A-9340-4AA6-B335-4D559AFE39B7}.Release|x86.Build.0 = Release|x64
		{9AF7848A-B483-45F2-BAF4-69A07FE97CEB}.Debug|Any CPU.ActiveCfg = Debug|Any CPU
		{9AF7848A-B483-45F2-BAF4-69A07FE97CEB}.Debug|Any CPU.Build.0 = Debug|Any CPU
		{9AF7848A-B483-45F2-BAF4-69A07FE97CEB}.Debug|x64.ActiveCfg = Debug|Any CPU
		{9AF7848A-B483-45F2-BAF4-69A07FE97CEB}.Debug|x64.Build.0 = Debug|Any CPU
		{9AF7848A-B483-45F2-BAF4-69A07FE97CEB}.Debug|x86.ActiveCfg = Debug|Any CPU
		{9AF7848A-B483-45F2-BAF4-69A07FE97CEB}.Debug|x86.Build.0 = Debug|Any CPU
		{9AF7848A-B483-45F2-BAF4-69A07FE97CEB}.Release|Any CPU.ActiveCfg = Release|Any CPU
		{9AF7848A-B483-45F2-BAF4-69A07FE97CEB}.Release|Any CPU.Build.0 = Release|Any CPU
		{9AF7848A-B483-45F2-BAF4-69A07FE97CEB}.Release|x64.ActiveCfg = Release|Any CPU
		{9AF7848A-B483-45F2-BAF4-69A07FE97CEB}.Release|x64.Build.0 = Release|Any CPU
		{9AF7848A-B483-45F2-BAF4-69A07FE97CEB}.Release|x86.ActiveCfg = Release|Any CPU
		{9AF7848A-B483-45F2-BAF4-69A07FE97CEB}.Release|x86.Build.0 = Release|Any CPU
		{E67101A2-5E6E-455E-8AFA-2EA94A4003FA}.Debug|Any CPU.ActiveCfg = Debug|Any CPU
		{E67101A2-5E6E-455E-8AFA-2EA94A4003FA}.Debug|Any CPU.Build.0 = Debug|Any CPU
		{E67101A2-5E6E-455E-8AFA-2EA94A4003FA}.Debug|x64.ActiveCfg = Debug|Any CPU
		{E67101A2-5E6E-455E-8AFA-2EA94A4003FA}.Debug|x86.ActiveCfg = Debug|Any CPU
		{E67101A2-5E6E-455E-8AFA-2EA94A4003FA}.Debug|x86.Build.0 = Debug|Any CPU
		{E67101A2-5E6E-455E-8AFA-2EA94A4003FA}.Release|Any CPU.ActiveCfg = Release|Any CPU
		{E67101A2-5E6E-455E-8AFA-2EA94A4003FA}.Release|Any CPU.Build.0 = Release|Any CPU
		{E67101A2-5E6E-455E-8AFA-2EA94A4003FA}.Release|x64.ActiveCfg = Release|Any CPU
		{E67101A2-5E6E-455E-8AFA-2EA94A4003FA}.Release|x86.ActiveCfg = Release|Any CPU
		{E67101A2-5E6E-455E-8AFA-2EA94A4003FA}.Release|x86.Build.0 = Release|Any CPU
	EndGlobalSection
	GlobalSection(SolutionProperties) = preSolution
		HideSolutionNode = FALSE
	EndGlobalSection
	GlobalSection(NestedProjects) = preSolution
		{EA51B66E-0862-4D79-8FB9-4BB1ED2CFB59} = {2ABBA2EF-6FEE-4F81-BF64-A1AB02BEE2C5}
		{764A2B71-F267-4C2E-A4CD-33E050659BD6} = {2ABBA2EF-6FEE-4F81-BF64-A1AB02BEE2C5}
		{21ED7FCC-9B45-4965-9C69-44208E5A34B7} = {2ABBA2EF-6FEE-4F81-BF64-A1AB02BEE2C5}
		{B80BD667-D20B-4599-809A-CAB99056E710} = {2ABBA2EF-6FEE-4F81-BF64-A1AB02BEE2C5}
		{5C66D6DA-CA1D-42C0-A295-237D3749DF69} = {2ABBA2EF-6FEE-4F81-BF64-A1AB02BEE2C5}
		{7D966E6A-9340-4AA6-B335-4D559AFE39B7} = {2ABBA2EF-6FEE-4F81-BF64-A1AB02BEE2C5}
	EndGlobalSection
	GlobalSection(ExtensibilityGlobals) = postSolution
		SolutionGuid = {ACCCA607-3FFA-4A98-AB4B-302FEDF13D01}
	EndGlobalSection
EndGlobal
