
Microsoft Visual Studio Solution File, Format Version 12.00
# Visual Studio 14
VisualStudioVersion = 14.0.25420.1
MinimumVisualStudioVersion = 10.0.40219.1
Project("{2150E333-8FDC-42A3-9474-1A3956D46DE8}") = "Solution Items", "Solution Items", "{79D83D95-E87F-48DC-A653-1998BA9602E2}"
	ProjectSection(SolutionItems) = preProject
		.gitignore = .gitignore
		README.md = README.md
		SciterSharp\SciterSharpOSX.nuspec = SciterSharp\SciterSharpOSX.nuspec
	EndProjectSection
EndProject
Project("{FAE04EC0-301F-11D3-BF4B-00C04F79EFBC}") = "TestWPF", "TestWPF\TestWPF.csproj", "{00EAE4CA-18D6-4647-B6CD-355E90BEBA15}"
EndProject
Project("{FAE04EC0-301F-11D3-BF4B-00C04F79EFBC}") = "UnitTests", "UnitTests\UnitTests.csproj", "{2ED64300-CB6A-4CB3-B687-D2795395FC44}"
EndProject
Project("{FAE04EC0-301F-11D3-BF4B-00C04F79EFBC}") = "TestDLLImport", "TestDLLImport\TestDLLImport.csproj", "{CE934439-C9A6-419C-AA44-69139FD9C664}"
EndProject
Project("{FAE04EC0-301F-11D3-BF4B-00C04F79EFBC}") = "TestOSX", "TestOSX\TestOSX.csproj", "{09C090F7-7B96-42A3-A685-3BE5510A069A}"
EndProject
Project("{FAE04EC0-301F-11D3-BF4B-00C04F79EFBC}") = "SciterSharpOSX", "SciterSharp\SciterSharpOSX.csproj", "{42BB6EC1-E806-4B5B-A242-1662AAE7BF25}"
EndProject
Project("{9344BDBB-3E7F-41FC-A0DD-8665D75EE146}") = "TestMinimal", "TestMinimal\TestMinimal.csproj", "{05CFB636-D16F-4CC0-8B82-E0FD813464D6}"
EndProject
Project("{9344BDBB-3E7F-41FC-A0DD-8665D75EE146}") = "TestForms", "TestForms\TestForms.csproj", "{8CDD06B0-85B7-496B-BA66-BE5F4DEB9369}"
EndProject
Project("{9344BDBB-3E7F-41FC-A0DD-8665D75EE146}") = "SciterSharpWindows", "SciterSharp\SciterSharpWindows.csproj", "{CE4D867A-141D-4742-81F1-540114FE16F3}"
EndProject
Project("{9344BDBB-3E7F-41FC-A0DD-8665D75EE146}") = "SciterSharpGTK", "SciterSharp\SciterSharpGTK.csproj", "{DC6BAEC2-E842-4AEA-938B-1F17A491E6A6}"
EndProject
Global
	GlobalSection(SolutionConfigurationPlatforms) = preSolution
		Debug|Any CPU = Debug|Any CPU
		Release|Any CPU = Release|Any CPU
	EndGlobalSection
	GlobalSection(ProjectConfigurationPlatforms) = postSolution
		{00EAE4CA-18D6-4647-B6CD-355E90BEBA15}.Debug|Any CPU.ActiveCfg = Debug|Any CPU
		{00EAE4CA-18D6-4647-B6CD-355E90BEBA15}.Debug|Any CPU.Build.0 = Debug|Any CPU
		{00EAE4CA-18D6-4647-B6CD-355E90BEBA15}.Release|Any CPU.ActiveCfg = Release|Any CPU
		{00EAE4CA-18D6-4647-B6CD-355E90BEBA15}.Release|Any CPU.Build.0 = Release|Any CPU
		{2ED64300-CB6A-4CB3-B687-D2795395FC44}.Debug|Any CPU.ActiveCfg = Debug|Any CPU
		{2ED64300-CB6A-4CB3-B687-D2795395FC44}.Debug|Any CPU.Build.0 = Debug|Any CPU
		{2ED64300-CB6A-4CB3-B687-D2795395FC44}.Release|Any CPU.ActiveCfg = Release|Any CPU
		{2ED64300-CB6A-4CB3-B687-D2795395FC44}.Release|Any CPU.Build.0 = Release|Any CPU
		{CE934439-C9A6-419C-AA44-69139FD9C664}.Debug|Any CPU.ActiveCfg = Debug|Any CPU
		{CE934439-C9A6-419C-AA44-69139FD9C664}.Debug|Any CPU.Build.0 = Debug|Any CPU
		{CE934439-C9A6-419C-AA44-69139FD9C664}.Release|Any CPU.ActiveCfg = Release|Any CPU
		{CE934439-C9A6-419C-AA44-69139FD9C664}.Release|Any CPU.Build.0 = Release|Any CPU
		{09C090F7-7B96-42A3-A685-3BE5510A069A}.Debug|Any CPU.ActiveCfg = Debug|Any CPU
		{09C090F7-7B96-42A3-A685-3BE5510A069A}.Debug|Any CPU.Build.0 = Debug|Any CPU
		{09C090F7-7B96-42A3-A685-3BE5510A069A}.Release|Any CPU.ActiveCfg = Release|Any CPU
		{09C090F7-7B96-42A3-A685-3BE5510A069A}.Release|Any CPU.Build.0 = Release|Any CPU
		{42BB6EC1-E806-4B5B-A242-1662AAE7BF25}.Debug|Any CPU.ActiveCfg = Debug|Any CPU
		{42BB6EC1-E806-4B5B-A242-1662AAE7BF25}.Debug|Any CPU.Build.0 = Debug|Any CPU
		{42BB6EC1-E806-4B5B-A242-1662AAE7BF25}.Release|Any CPU.ActiveCfg = Release|Any CPU
		{42BB6EC1-E806-4B5B-A242-1662AAE7BF25}.Release|Any CPU.Build.0 = Release|Any CPU
		{05CFB636-D16F-4CC0-8B82-E0FD813464D6}.Debug|Any CPU.ActiveCfg = Debug|Any CPU
		{05CFB636-D16F-4CC0-8B82-E0FD813464D6}.Debug|Any CPU.Build.0 = Debug|Any CPU
		{05CFB636-D16F-4CC0-8B82-E0FD813464D6}.Release|Any CPU.ActiveCfg = Release|Any CPU
		{05CFB636-D16F-4CC0-8B82-E0FD813464D6}.Release|Any CPU.Build.0 = Release|Any CPU
		{8CDD06B0-85B7-496B-BA66-BE5F4DEB9369}.Debug|Any CPU.ActiveCfg = Debug|Any CPU
		{8CDD06B0-85B7-496B-BA66-BE5F4DEB9369}.Debug|Any CPU.Build.0 = Debug|Any CPU
		{8CDD06B0-85B7-496B-BA66-BE5F4DEB9369}.Release|Any CPU.ActiveCfg = Release|Any CPU
		{8CDD06B0-85B7-496B-BA66-BE5F4DEB9369}.Release|Any CPU.Build.0 = Release|Any CPU
		{CE4D867A-141D-4742-81F1-540114FE16F3}.Debug|Any CPU.ActiveCfg = Debug|Any CPU
		{CE4D867A-141D-4742-81F1-540114FE16F3}.Debug|Any CPU.Build.0 = Debug|Any CPU
		{CE4D867A-141D-4742-81F1-540114FE16F3}.Release|Any CPU.ActiveCfg = Release|Any CPU
		{CE4D867A-141D-4742-81F1-540114FE16F3}.Release|Any CPU.Build.0 = Release|Any CPU
		{DC6BAEC2-E842-4AEA-938B-1F17A491E6A6}.Debug|Any CPU.ActiveCfg = Debug|Any CPU
		{DC6BAEC2-E842-4AEA-938B-1F17A491E6A6}.Debug|Any CPU.Build.0 = Debug|Any CPU
		{DC6BAEC2-E842-4AEA-938B-1F17A491E6A6}.Release|Any CPU.ActiveCfg = Release|Any CPU
		{DC6BAEC2-E842-4AEA-938B-1F17A491E6A6}.Release|Any CPU.Build.0 = Release|Any CPU
	EndGlobalSection
	GlobalSection(SolutionProperties) = preSolution
		HideSolutionNode = FALSE
	EndGlobalSection
EndGlobal
